{
  "version": 4,
  "terraform_version": "0.14.7",
  "serial": 20,
  "lineage": "9a567c51-64ff-08e2-96a9-dc40ff1bf7aa",
  "outputs": {},
  "resources": [
    {
      "mode": "managed",
      "type": "google_storage_bucket",
      "name": "my_bucket",
      "provider": "provider[\"registry.terraform.io/hashicorp/google\"]",
      "instances": [
        {
          "schema_version": 0,
          "attributes": {
            "bucket_policy_only": false,
            "cors": [],
            "default_event_based_hold": false,
            "encryption": [],
            "force_destroy": false,
            "id": "my-bucket-for-terraform",
            "labels": {},
            "lifecycle_rule": [],
            "location": "US-CENTRAL1",
            "logging": [],
            "name": "my-bucket-for-terraform",
            "project": "pruebas-301501",
            "requester_pays": false,
            "retention_policy": [],
            "self_link": "https://www.googleapis.com/storage/v1/b/my-bucket-for-terraform",
            "storage_class": "STANDARD",
            "uniform_bucket_level_access": false,
            "url": "gs://my-bucket-for-terraform",
            "versioning": [],
            "website": []
          },
          "sensitive_attributes": [],
          "private": "bnVsbA=="
        }
      ]
    },
    {
      "mode": "managed",
      "type": "google_storage_bucket_iam_member",
      "name": "member1",
      "provider": "provider[\"registry.terraform.io/hashicorp/google\"]",
      "instances": [
        {
          "schema_version": 0,
          "attributes": {
            "bucket": "b/my-bucket-for-terraform",
            "condition": [],
            "etag": "CAI=",
            "id": "b/my-bucket-for-terraform/roles/storage.objectAdmin/user:cristian.o.rincon.b@gmail.com",
            "member": "user:cristian.o.rincon.b@gmail.com",
            "role": "roles/storage.objectAdmin"
          },
          "sensitive_attributes": [],
          "private": "bnVsbA==",
          "dependencies": [
            "google_storage_bucket.my_bucket"
          ]
        }
      ]
    }
  ]
}
